// !$*UTF8*$!
{
	archiveVersion = 1;
	classes = {
	};
	objectVersion = 51;
	objects = {

/* Begin PBXBuildFile section */
		63431F0C24C7CE8E00D5CD05 /* AppDelegate.swift in Sources */ = {isa = PBXBuildFile; fileRef = 63431F0B24C7CE8E00D5CD05 /* AppDelegate.swift */; };
		63431F0E24C7CE8E00D5CD05 /* SceneDelegate.swift in Sources */ = {isa = PBXBuildFile; fileRef = 63431F0D24C7CE8E00D5CD05 /* SceneDelegate.swift */; };
		63431F1524C7CE9200D5CD05 /* Assets.xcassets in Resources */ = {isa = PBXBuildFile; fileRef = 63431F1424C7CE9200D5CD05 /* Assets.xcassets */; };
		63431F1824C7CE9200D5CD05 /* LaunchScreen.storyboard in Resources */ = {isa = PBXBuildFile; fileRef = 63431F1624C7CE9200D5CD05 /* LaunchScreen.storyboard */; };
		63431F2324C7D20900D5CD05 /* HomeViewController.swift in Sources */ = {isa = PBXBuildFile; fileRef = 63431F2124C7D20900D5CD05 /* HomeViewController.swift */; };
		63431F2424C7D20900D5CD05 /* HomeViewController.xib in Resources */ = {isa = PBXBuildFile; fileRef = 63431F2224C7D20900D5CD05 /* HomeViewController.xib */; };
		63431F2724C7D23200D5CD05 /* HomeRouter.swift in Sources */ = {isa = PBXBuildFile; fileRef = 63431F2624C7D23200D5CD05 /* HomeRouter.swift */; };
		63431F2B24C7D68500D5CD05 /* HomeViewModel.swift in Sources */ = {isa = PBXBuildFile; fileRef = 63431F2A24C7D68500D5CD05 /* HomeViewModel.swift */; };
		63431F3A24C91CBA00D5CD05 /* Constants.swift in Sources */ = {isa = PBXBuildFile; fileRef = 63431F3924C91CBA00D5CD05 /* Constants.swift */; };
		63431F4A24CFB28F00D5CD05 /* HomeRepresentation.swift in Sources */ = {isa = PBXBuildFile; fileRef = 63431F4924CFB28F00D5CD05 /* HomeRepresentation.swift */; };
		63431F4D24CFB73100D5CD05 /* MovieRepresentation.swift in Sources */ = {isa = PBXBuildFile; fileRef = 63431F4C24CFB73100D5CD05 /* MovieRepresentation.swift */; };
		63431F4F24CFB75300D5CD05 /* HomeRepository.swift in Sources */ = {isa = PBXBuildFile; fileRef = 63431F4E24CFB75300D5CD05 /* HomeRepository.swift */; };
		F7B248C3E5C610336D619E13 /* Pods_BestMovies.framework in Frameworks */ = {isa = PBXBuildFile; fileRef = 49B20DAF119F434BDB4A8374 /* Pods_BestMovies.framework */; };
/* End PBXBuildFile section */

/* Begin PBXFileReference section */
		49B20DAF119F434BDB4A8374 /* Pods_BestMovies.framework */ = {isa = PBXFileReference; explicitFileType = wrapper.framework; includeInIndex = 0; path = Pods_BestMovies.framework; sourceTree = BUILT_PRODUCTS_DIR; };
		63431F0824C7CE8E00D5CD05 /* BestMovies.app */ = {isa = PBXFileReference; explicitFileType = wrapper.application; includeInIndex = 0; path = BestMovies.app; sourceTree = BUILT_PRODUCTS_DIR; };
		63431F0B24C7CE8E00D5CD05 /* AppDelegate.swift */ = {isa = PBXFileReference; lastKnownFileType = sourcecode.swift; path = AppDelegate.swift; sourceTree = "<group>"; };
		63431F0D24C7CE8E00D5CD05 /* SceneDelegate.swift */ = {isa = PBXFileReference; lastKnownFileType = sourcecode.swift; path = SceneDelegate.swift; sourceTree = "<group>"; };
		63431F1424C7CE9200D5CD05 /* Assets.xcassets */ = {isa = PBXFileReference; lastKnownFileType = folder.assetcatalog; path = Assets.xcassets; sourceTree = "<group>"; };
		63431F1724C7CE9200D5CD05 /* Base */ = {isa = PBXFileReference; lastKnownFileType = file.storyboard; name = Base; path = Base.lproj/LaunchScreen.storyboard; sourceTree = "<group>"; };
		63431F1924C7CE9200D5CD05 /* Info.plist */ = {isa = PBXFileReference; lastKnownFileType = text.plist.xml; path = Info.plist; sourceTree = "<group>"; };
		63431F2124C7D20900D5CD05 /* HomeViewController.swift */ = {isa = PBXFileReference; lastKnownFileType = sourcecode.swift; path = HomeViewController.swift; sourceTree = "<group>"; };
		63431F2224C7D20900D5CD05 /* HomeViewController.xib */ = {isa = PBXFileReference; lastKnownFileType = file.xib; path = HomeViewController.xib; sourceTree = "<group>"; };
		63431F2624C7D23200D5CD05 /* HomeRouter.swift */ = {isa = PBXFileReference; lastKnownFileType = sourcecode.swift; path = HomeRouter.swift; sourceTree = "<group>"; };
		63431F2A24C7D68500D5CD05 /* HomeViewModel.swift */ = {isa = PBXFileReference; lastKnownFileType = sourcecode.swift; path = HomeViewModel.swift; sourceTree = "<group>"; };
		63431F3924C91CBA00D5CD05 /* Constants.swift */ = {isa = PBXFileReference; lastKnownFileType = sourcecode.swift; path = Constants.swift; sourceTree = "<group>"; };
		63431F4924CFB28F00D5CD05 /* HomeRepresentation.swift */ = {isa = PBXFileReference; lastKnownFileType = sourcecode.swift; path = HomeRepresentation.swift; sourceTree = "<group>"; };
		63431F4C24CFB73100D5CD05 /* MovieRepresentation.swift */ = {isa = PBXFileReference; lastKnownFileType = sourcecode.swift; path = MovieRepresentation.swift; sourceTree = "<group>"; };
		63431F4E24CFB75300D5CD05 /* HomeRepository.swift */ = {isa = PBXFileReference; lastKnownFileType = sourcecode.swift; path = HomeRepository.swift; sourceTree = "<group>"; };
		A5609AFB421A99AA6EFF3ABB /* Pods-BestMovies.debug.xcconfig */ = {isa = PBXFileReference; includeInIndex = 1; lastKnownFileType = text.xcconfig; name = "Pods-BestMovies.debug.xcconfig"; path = "Target Support Files/Pods-BestMovies/Pods-BestMovies.debug.xcconfig"; sourceTree = "<group>"; };
		C8075AD2C90BC072865902D5 /* Pods-BestMovies.release.xcconfig */ = {isa = PBXFileReference; includeInIndex = 1; lastKnownFileType = text.xcconfig; name = "Pods-BestMovies.release.xcconfig"; path = "Target Support Files/Pods-BestMovies/Pods-BestMovies.release.xcconfig"; sourceTree = "<group>"; };
/* End PBXFileReference section */

/* Begin PBXFrameworksBuildPhase section */
		63431F0524C7CE8E00D5CD05 /* Frameworks */ = {
			isa = PBXFrameworksBuildPhase;
			buildActionMask = 2147483647;
			files = (
				F7B248C3E5C610336D619E13 /* Pods_BestMovies.framework in Frameworks */,
			);
			runOnlyForDeploymentPostprocessing = 0;
		};
/* End PBXFrameworksBuildPhase section */

/* Begin PBXGroup section */
		28A4D5CC6ED8F89E401D43C4 /* Frameworks */ = {
			isa = PBXGroup;
			children = (
				49B20DAF119F434BDB4A8374 /* Pods_BestMovies.framework */,
			);
			name = Frameworks;
			sourceTree = "<group>";
		};
		28DBE3B40E7B574CFF45DB2B /* Pods */ = {
			isa = PBXGroup;
			children = (
				A5609AFB421A99AA6EFF3ABB /* Pods-BestMovies.debug.xcconfig */,
				C8075AD2C90BC072865902D5 /* Pods-BestMovies.release.xcconfig */,
			);
			path = Pods;
			sourceTree = "<group>";
		};
		63431EFF24C7CE8E00D5CD05 = {
			isa = PBXGroup;
			children = (
				63431F0A24C7CE8E00D5CD05 /* BestMovies */,
				63431F0924C7CE8E00D5CD05 /* Products */,
				28DBE3B40E7B574CFF45DB2B /* Pods */,
				28A4D5CC6ED8F89E401D43C4 /* Frameworks */,
			);
			sourceTree = "<group>";
		};
		63431F0924C7CE8E00D5CD05 /* Products */ = {
			isa = PBXGroup;
			children = (
				63431F0824C7CE8E00D5CD05 /* BestMovies.app */,
			);
			name = Products;
			sourceTree = "<group>";
		};
		63431F0A24C7CE8E00D5CD05 /* BestMovies */ = {
			isa = PBXGroup;
			children = (
				63431F0B24C7CE8E00D5CD05 /* AppDelegate.swift */,
				63431F0D24C7CE8E00D5CD05 /* SceneDelegate.swift */,
				63431F1F24C7D1E300D5CD05 /* Home */,
				63431F3824C91CA400D5CD05 /* Common */,
				63431F1424C7CE9200D5CD05 /* Assets.xcassets */,
				63431F1624C7CE9200D5CD05 /* LaunchScreen.storyboard */,
				63431F1924C7CE9200D5CD05 /* Info.plist */,
			);
			path = BestMovies;
			sourceTree = "<group>";
		};
		63431F1F24C7D1E300D5CD05 /* Home */ = {
			isa = PBXGroup;
			children = (
				63431F4624CFA6FB00D5CD05 /* Core */,
				63431F4B24CFB6DD00D5CD05 /* Presentation */,
			);
			path = Home;
			sourceTree = "<group>";
		};
		63431F2024C7D1EB00D5CD05 /* View */ = {
			isa = PBXGroup;
			children = (
				63431F2124C7D20900D5CD05 /* HomeViewController.swift */,
				63431F2224C7D20900D5CD05 /* HomeViewController.xib */,
			);
			path = View;
			sourceTree = "<group>";
		};
		63431F2524C7D22200D5CD05 /* Router */ = {
			isa = PBXGroup;
			children = (
				63431F2624C7D23200D5CD05 /* HomeRouter.swift */,
			);
			path = Router;
			sourceTree = "<group>";
		};
		63431F2824C7D65600D5CD05 /* ViewModel */ = {
			isa = PBXGroup;
			children = (
				63431F2A24C7D68500D5CD05 /* HomeViewModel.swift */,
			);
			path = ViewModel;
			sourceTree = "<group>";
		};
		63431F2924C7D66900D5CD05 /* Model */ = {
			isa = PBXGroup;
			children = (
			);
			path = Model;
			sourceTree = "<group>";
		};
		63431F3824C91CA400D5CD05 /* Common */ = {
			isa = PBXGroup;
			children = (
				63431F3924C91CBA00D5CD05 /* Constants.swift */,
			);
			path = Common;
			sourceTree = "<group>";
		};
		63431F4624CFA6FB00D5CD05 /* Core */ = {
			isa = PBXGroup;
			children = (
				63431F4824CFB27800D5CD05 /* Representation */,
				63431F4724CFA70300D5CD05 /* Repository */,
			);
			path = Core;
			sourceTree = "<group>";
		};
		63431F4724CFA70300D5CD05 /* Repository */ = {
			isa = PBXGroup;
			children = (
				63431F4E24CFB75300D5CD05 /* HomeRepository.swift */,
			);
			path = Repository;
			sourceTree = "<group>";
		};
		63431F4824CFB27800D5CD05 /* Representation */ = {
			isa = PBXGroup;
			children = (
				63431F4924CFB28F00D5CD05 /* HomeRepresentation.swift */,
				63431F4C24CFB73100D5CD05 /* MovieRepresentation.swift */,
			);
			path = Representation;
			sourceTree = "<group>";
		};
		63431F4B24CFB6DD00D5CD05 /* Presentation */ = {
			isa = PBXGroup;
			children = (
				63431F2924C7D66900D5CD05 /* Model */,
				63431F2024C7D1EB00D5CD05 /* View */,
				63431F2824C7D65600D5CD05 /* ViewModel */,
				63431F2524C7D22200D5CD05 /* Router */,
			);
			path = Presentation;
			sourceTree = "<group>";
		};
/* End PBXGroup section */

/* Begin PBXNativeTarget section */
		63431F0724C7CE8E00D5CD05 /* BestMovies */ = {
			isa = PBXNativeTarget;
			buildConfigurationList = 63431F1C24C7CE9200D5CD05 /* Build configuration list for PBXNativeTarget "BestMovies" */;
			buildPhases = (
				4801A48D81BEA33A17F3527B /* [CP] Check Pods Manifest.lock */,
				63431F0424C7CE8E00D5CD05 /* Sources */,
				63431F0524C7CE8E00D5CD05 /* Frameworks */,
				63431F0624C7CE8E00D5CD05 /* Resources */,
				E43DB2B478B67335A5F4426A /* [CP] Embed Pods Frameworks */,
			);
			buildRules = (
			);
			dependencies = (
			);
			name = BestMovies;
			productName = BestMovies;
			productReference = 63431F0824C7CE8E00D5CD05 /* BestMovies.app */;
			productType = "com.apple.product-type.application";
		};
/* End PBXNativeTarget section */

/* Begin PBXProject section */
		63431F0024C7CE8E00D5CD05 /* Project object */ = {
			isa = PBXProject;
			attributes = {
				LastSwiftUpdateCheck = 1130;
				LastUpgradeCheck = 1130;
				ORGANIZATIONNAME = "Javier Quiles";
				TargetAttributes = {
					63431F0724C7CE8E00D5CD05 = {
						CreatedOnToolsVersion = 11.3.1;
					};
				};
			};
			buildConfigurationList = 63431F0324C7CE8E00D5CD05 /* Build configuration list for PBXProject "BestMovies" */;
			compatibilityVersion = "Xcode 9.3";
			developmentRegion = en;
			hasScannedForEncodings = 0;
			knownRegions = (
				en,
				Base,
			);
			mainGroup = 63431EFF24C7CE8E00D5CD05;
			productRefGroup = 63431F0924C7CE8E00D5CD05 /* Products */;
			projectDirPath = "";
			projectRoot = "";
			targets = (
				63431F0724C7CE8E00D5CD05 /* BestMovies */,
			);
		};
/* End PBXProject section */

/* Begin PBXResourcesBuildPhase section */
		63431F0624C7CE8E00D5CD05 /* Resources */ = {
			isa = PBXResourcesBuildPhase;
			buildActionMask = 2147483647;
			files = (
				63431F1824C7CE9200D5CD05 /* LaunchScreen.storyboard in Resources */,
				63431F1524C7CE9200D5CD05 /* Assets.xcassets in Resources */,
				63431F2424C7D20900D5CD05 /* HomeViewController.xib in Resources */,
			);
			runOnlyForDeploymentPostprocessing = 0;
		};
/* End PBXResourcesBuildPhase section */

/* Begin PBXShellScriptBuildPhase section */
		4801A48D81BEA33A17F3527B /* [CP] Check Pods Manifest.lock */ = {
			isa = PBXShellScriptBuildPhase;
			buildActionMask = 2147483647;
			files = (
			);
			inputFileListPaths = (
			);
			inputPaths = (
				"${PODS_PODFILE_DIR_PATH}/Podfile.lock",
				"${PODS_ROOT}/Manifest.lock",
			);
			name = "[CP] Check Pods Manifest.lock";
			outputFileListPaths = (
			);
			outputPaths = (
				"$(DERIVED_FILE_DIR)/Pods-BestMovies-checkManifestLockResult.txt",
			);
			runOnlyForDeploymentPostprocessing = 0;
			shellPath = /bin/sh;
			shellScript = "diff \"${PODS_PODFILE_DIR_PATH}/Podfile.lock\" \"${PODS_ROOT}/Manifest.lock\" > /dev/null\nif [ $? != 0 ] ; then\n    # print error to STDERR\n    echo \"error: The sandbox is not in sync with the Podfile.lock. Run 'pod install' or update your CocoaPods installation.\" >&2\n    exit 1\nfi\n# This output is used by Xcode 'outputs' to avoid re-running this script phase.\necho \"SUCCESS\" > \"${SCRIPT_OUTPUT_FILE_0}\"\n";
			showEnvVarsInLog = 0;
		};
		E43DB2B478B67335A5F4426A /* [CP] Embed Pods Frameworks */ = {
			isa = PBXShellScriptBuildPhase;
			buildActionMask = 2147483647;
			files = (
			);
			inputFileListPaths = (
				"${PODS_ROOT}/Target Support Files/Pods-BestMovies/Pods-BestMovies-frameworks-${CONFIGURATION}-input-files.xcfilelist",
			);
			name = "[CP] Embed Pods Frameworks";
			outputFileListPaths = (
				"${PODS_ROOT}/Target Support Files/Pods-BestMovies/Pods-BestMovies-frameworks-${CONFIGURATION}-output-files.xcfilelist",
			);
			runOnlyForDeploymentPostprocessing = 0;
			shellPath = /bin/sh;
			shellScript = "\"${PODS_ROOT}/Target Support Files/Pods-BestMovies/Pods-BestMovies-frameworks.sh\"\n";
			showEnvVarsInLog = 0;
		};
/* End PBXShellScriptBuildPhase section */

/* Begin PBXSourcesBuildPhase section */
		63431F0424C7CE8E00D5CD05 /* Sources */ = {
			isa = PBXSourcesBuildPhase;
			buildActionMask = 2147483647;
			files = (
				63431F0C24C7CE8E00D5CD05 /* AppDelegate.swift in Sources */,
				63431F4A24CFB28F00D5CD05 /* HomeRepresentation.swift in Sources */,
				63431F2724C7D23200D5CD05 /* HomeRouter.swift in Sources */,
				63431F0E24C7CE8E00D5CD05 /* SceneDelegate.swift in Sources */,
				63431F2B24C7D68500D5CD05 /* HomeViewModel.swift in Sources */,
				63431F2324C7D20900D5CD05 /* HomeViewController.swift in Sources */,
				63431F3A24C91CBA00D5CD05 /* Constants.swift in Sources */,
				63431F4F24CFB75300D5CD05 /* HomeRepository.swift in Sources */,
				63431F4D24CFB73100D5CD05 /* MovieRepresentation.swift in Sources */,
			);
			runOnlyForDeploymentPostprocessing = 0;
		};
/* End PBXSourcesBuildPhase section */

/* Begin PBXVariantGroup section */
		63431F1624C7CE9200D5CD05 /* LaunchScreen.storyboard */ = {
			isa = PBXVariantGroup;
			children = (
				63431F1724C7CE9200D5CD05 /* Base */,
			);
			name = LaunchScreen.storyboard;
			sourceTree = "<group>";
		};
/* End PBXVariantGroup section */

/* Begin XCBuildConfiguration section */
		63431F1A24C7CE9200D5CD05 /* Debug */ = {
			isa = XCBuildConfiguration;
			buildSettings = {
				ALWAYS_SEARCH_USER_PATHS = NO;
				CLANG_ANALYZER_NONNULL = YES;
				CLANG_ANALYZER_NUMBER_OBJECT_CONVERSION = YES_AGGRESSIVE;
				CLANG_CXX_LANGUAGE_STANDARD = "gnu++14";
				CLANG_CXX_LIBRARY = "libc++";
				CLANG_ENABLE_MODULES = YES;
				CLANG_ENABLE_OBJC_ARC = YES;
				CLANG_ENABLE_OBJC_WEAK = YES;
				CLANG_WARN_BLOCK_CAPTURE_AUTORELEASING = YES;
				CLANG_WARN_BOOL_CONVERSION = YES;
				CLANG_WARN_COMMA = YES;
				CLANG_WARN_CONSTANT_CONVERSION = YES;
				CLANG_WARN_DEPRECATED_OBJC_IMPLEMENTATIONS = YES;
				CLANG_WARN_DIRECT_OBJC_ISA_USAGE = YES_ERROR;
				CLANG_WARN_DOCUMENTATION_COMMENTS = YES;
				CLANG_WARN_EMPTY_BODY = YES;
				CLANG_WARN_ENUM_CONVERSION = YES;
				CLANG_WARN_INFINITE_RECURSION = YES;
				CLANG_WARN_INT_CONVERSION = YES;
				CLANG_WARN_NON_LITERAL_NULL_CONVERSION = YES;
				CLANG_WARN_OBJC_IMPLICIT_RETAIN_SELF = YES;
				CLANG_WARN_OBJC_LITERAL_CONVERSION = YES;
				CLANG_WARN_OBJC_ROOT_CLASS = YES_ERROR;
				CLANG_WARN_RANGE_LOOP_ANALYSIS = YES;
				CLANG_WARN_STRICT_PROTOTYPES = YES;
				CLANG_WARN_SUSPICIOUS_MOVE = YES;
				CLANG_WARN_UNGUARDED_AVAILABILITY = YES_AGGRESSIVE;
				CLANG_WARN_UNREACHABLE_CODE = YES;
				CLANG_WARN__DUPLICATE_METHOD_MATCH = YES;
				COPY_PHASE_STRIP = NO;
				DEBUG_INFORMATION_FORMAT = dwarf;
				ENABLE_STRICT_OBJC_MSGSEND = YES;
				ENABLE_TESTABILITY = YES;
				GCC_C_LANGUAGE_STANDARD = gnu11;
				GCC_DYNAMIC_NO_PIC = NO;
				GCC_NO_COMMON_BLOCKS = YES;
				GCC_OPTIMIZATION_LEVEL = 0;
				GCC_PREPROCESSOR_DEFINITIONS = (
					"DEBUG=1",
					"$(inherited)",
				);
				GCC_WARN_64_TO_32_BIT_CONVERSION = YES;
				GCC_WARN_ABOUT_RETURN_TYPE = YES_ERROR;
				GCC_WARN_UNDECLARED_SELECTOR = YES;
				GCC_WARN_UNINITIALIZED_AUTOS = YES_AGGRESSIVE;
				GCC_WARN_UNUSED_FUNCTION = YES;
				GCC_WARN_UNUSED_VARIABLE = YES;
				IPHONEOS_DEPLOYMENT_TARGET = 13.2;
				MTL_ENABLE_DEBUG_INFO = INCLUDE_SOURCE;
				MTL_FAST_MATH = YES;
				ONLY_ACTIVE_ARCH = YES;
				SDKROOT = iphoneos;
				SWIFT_ACTIVE_COMPILATION_CONDITIONS = DEBUG;
				SWIFT_OPTIMIZATION_LEVEL = "-Onone";
			};
			name = Debug;
		};
		63431F1B24C7CE9200D5CD05 /* Release */ = {
			isa = XCBuildConfiguration;
			buildSettings = {
				ALWAYS_SEARCH_USER_PATHS = NO;
				CLANG_ANALYZER_NONNULL = YES;
				CLANG_ANALYZER_NUMBER_OBJECT_CONVERSION = YES_AGGRESSIVE;
				CLANG_CXX_LANGUAGE_STANDARD = "gnu++14";
				CLANG_CXX_LIBRARY = "libc++";
				CLANG_ENABLE_MODULES = YES;
				CLANG_ENABLE_OBJC_ARC = YES;
				CLANG_ENABLE_OBJC_WEAK = YES;
				CLANG_WARN_BLOCK_CAPTURE_AUTORELEASING = YES;
				CLANG_WARN_BOOL_CONVERSION = YES;
				CLANG_WARN_COMMA = YES;
				CLANG_WARN_CONSTANT_CONVERSION = YES;
				CLANG_WARN_DEPRECATED_OBJC_IMPLEMENTATIONS = YES;
				CLANG_WARN_DIRECT_OBJC_ISA_USAGE = YES_ERROR;
				CLANG_WARN_DOCUMENTATION_COMMENTS = YES;
				CLANG_WARN_EMPTY_BODY = YES;
				CLANG_WARN_ENUM_CONVERSION = YES;
				CLANG_WARN_INFINITE_RECURSION = YES;
				CLANG_WARN_INT_CONVERSION = YES;
				CLANG_WARN_NON_LITERAL_NULL_CONVERSION = YES;
				CLANG_WARN_OBJC_IMPLICIT_RETAIN_SELF = YES;
				CLANG_WARN_OBJC_LITERAL_CONVERSION = YES;
				CLANG_WARN_OBJC_ROOT_CLASS = YES_ERROR;
				CLANG_WARN_RANGE_LOOP_ANALYSIS = YES;
				CLANG_WARN_STRICT_PROTOTYPES = YES;
				CLANG_WARN_SUSPICIOUS_MOVE = YES;
				CLANG_WARN_UNGUARDED_AVAILABILITY = YES_AGGRESSIVE;
				CLANG_WARN_UNREACHABLE_CODE = YES;
				CLANG_WARN__DUPLICATE_METHOD_MATCH = YES;
				COPY_PHASE_STRIP = NO;
				DEBUG_INFORMATION_FORMAT = "dwarf-with-dsym";
				ENABLE_NS_ASSERTIONS = NO;
				ENABLE_STRICT_OBJC_MSGSEND = YES;
				GCC_C_LANGUAGE_STANDARD = gnu11;
				GCC_NO_COMMON_BLOCKS = YES;
				GCC_WARN_64_TO_32_BIT_CONVERSION = YES;
				GCC_WARN_ABOUT_RETURN_TYPE = YES_ERROR;
				GCC_WARN_UNDECLARED_SELECTOR = YES;
				GCC_WARN_UNINITIALIZED_AUTOS = YES_AGGRESSIVE;
				GCC_WARN_UNUSED_FUNCTION = YES;
				GCC_WARN_UNUSED_VARIABLE = YES;
				IPHONEOS_DEPLOYMENT_TARGET = 13.2;
				MTL_ENABLE_DEBUG_INFO = NO;
				MTL_FAST_MATH = YES;
				SDKROOT = iphoneos;
				SWIFT_COMPILATION_MODE = wholemodule;
				SWIFT_OPTIMIZATION_LEVEL = "-O";
				VALIDATE_PRODUCT = YES;
			};
			name = Release;
		};
		63431F1D24C7CE9200D5CD05 /* Debug */ = {
			isa = XCBuildConfiguration;
			baseConfigurationReference = A5609AFB421A99AA6EFF3ABB /* Pods-BestMovies.debug.xcconfig */;
			buildSettings = {
				ASSETCATALOG_COMPILER_APPICON_NAME = AppIcon;
				CODE_SIGN_STYLE = Automatic;
				DEVELOPMENT_TEAM = RJU48Q3D47;
				INFOPLIST_FILE = BestMovies/Info.plist;
				LD_RUNPATH_SEARCH_PATHS = (
					"$(inherited)",
					"@executable_path/Frameworks",
				);
				PRODUCT_BUNDLE_IDENTIFIER = com.javier.BestMovies;
				PRODUCT_NAME = "$(TARGET_NAME)";
				SWIFT_VERSION = 5.0;
				TARGETED_DEVICE_FAMILY = "1,2";
			};
			name = Debug;
		};
		63431F1E24C7CE9200D5CD05 /* Release */ = {
			isa = XCBuildConfiguration;
			baseConfigurationReference = C8075AD2C90BC072865902D5 /* Pods-BestMovies.release.xcconfig */;
			buildSettings = {
				ASSETCATALOG_COMPILER_APPICON_NAME = AppIcon;
				CODE_SIGN_STYLE = Automatic;
				DEVELOPMENT_TEAM = RJU48Q3D47;
				INFOPLIST_FILE = BestMovies/Info.plist;
				LD_RUNPATH_SEARCH_PATHS = (
					"$(inherited)",
					"@executable_path/Frameworks",
				);
				PRODUCT_BUNDLE_IDENTIFIER = com.javier.BestMovies;
				PRODUCT_NAME = "$(TARGET_NAME)";
				SWIFT_VERSION = 5.0;
				TARGETED_DEVICE_FAMILY = "1,2";
			};
			name = Release;
		};
/* End XCBuildConfiguration section */

/* Begin XCConfigurationList section */
		63431F0324C7CE8E00D5CD05 /* Build configuration list for PBXProject "BestMovies" */ = {
			isa = XCConfigurationList;
			buildConfigurations = (
				63431F1A24C7CE9200D5CD05 /* Debug */,
				63431F1B24C7CE9200D5CD05 /* Release */,
			);
			defaultConfigurationIsVisible = 0;
			defaultConfigurationName = Release;
		};
		63431F1C24C7CE9200D5CD05 /* Build configuration list for PBXNativeTarget "BestMovies" */ = {
			isa = XCConfigurationList;
			buildConfigurations = (
				63431F1D24C7CE9200D5CD05 /* Debug */,
				63431F1E24C7CE9200D5CD05 /* Release */,
			);
			defaultConfigurationIsVisible = 0;
			defaultConfigurationName = Release;
		};
/* End XCConfigurationList section */
	};
	rootObject = 63431F0024C7CE8E00D5CD05 /* Project object */;
}
